
Microsoft Visual Studio Solution File, Format Version 12.00
# Visual Studio Version 16
VisualStudioVersion = 16.0.30204.135
MinimumVisualStudioVersion = 10.0.40219.1
Project("{FAE04EC0-301F-11D3-BF4B-00C04F79EFBC}") = "tddd49", "tddd49\tddd49.csproj", "{FADCF634-9F5E-4BAF-9107-F7B12CAA7151}"
EndProject
Global
	GlobalSection(SolutionConfigurationPlatforms) = preSolution
		Debug|Any CPU = Debug|Any CPU
		Release|Any CPU = Release|Any CPU
	EndGlobalSection
	GlobalSection(ProjectConfigurationPlatforms) = postSolution
		{FADCF634-9F5E-4BAF-9107-F7B12CAA7151}.Debug|Any CPU.ActiveCfg = Debug|Any CPU
		{FADCF634-9F5E-4BAF-9107-F7B12CAA7151}.Debug|Any CPU.Build.0 = Debug|Any CPU
		{FADCF634-9F5E-4BAF-9107-F7B12CAA7151}.Release|Any CPU.ActiveCfg = Release|Any CPU
		{FADCF634-9F5E-4BAF-9107-F7B12CAA7151}.Release|Any CPU.Build.0 = Release|Any CPU
	EndGlobalSection
	GlobalSection(SolutionProperties) = preSolution
		HideSolutionNode = FALSE
	EndGlobalSection
	GlobalSection(ExtensibilityGlobals) = postSolution
		SolutionGuid = {36ADCF45-D492-413C-8E61-53DAD7337399}
	EndGlobalSection
EndGlobal
